
Microsoft Visual Studio Solution File, Format Version 12.00
# Visual Studio 15
VisualStudioVersion = 15.0.27004.2010
MinimumVisualStudioVersion = 10.0.40219.1
Project("{FAE04EC0-301F-11D3-BF4B-00C04F79EFBC}") = "Emlak", "Emlak\Emlak.csproj", "{46B814CD-3C06-49F9-A98E-1C6A7A29F492}"
EndProject
Global
	GlobalSection(SolutionConfigurationPlatforms) = preSolution
		Debug|Any CPU = Debug|Any CPU
		Release|Any CPU = Release|Any CPU
	EndGlobalSection
	GlobalSection(ProjectConfigurationPlatforms) = postSolution
		{46B814CD-3C06-49F9-A98E-1C6A7A29F492}.Debug|Any CPU.ActiveCfg = Debug|Any CPU
		{46B814CD-3C06-49F9-A98E-1C6A7A29F492}.Debug|Any CPU.Build.0 = Debug|Any CPU
		{46B814CD-3C06-49F9-A98E-1C6A7A29F492}.Release|Any CPU.ActiveCfg = Release|Any CPU
		{46B814CD-3C06-49F9-A98E-1C6A7A29F492}.Release|Any CPU.Build.0 = Release|Any CPU
	EndGlobalSection
	GlobalSection(SolutionProperties) = preSolution
		HideSolutionNode = FALSE
	EndGlobalSection
	GlobalSection(ExtensibilityGlobals) = postSolution
		SolutionGuid = {C323AE5F-B431-4E36-A10E-ADFA006906EC}
	EndGlobalSection
EndGlobal
